
Microsoft Visual Studio Solution File, Format Version 12.00
# Visual Studio Version 17
VisualStudioVersion = 17.13.35919.96 d17.13
MinimumVisualStudioVersion = 10.0.40219.1
Project("{FAE04EC0-301F-11D3-BF4B-00C04F79EFBC}") = "Binary_Serialization", "Binary_Serialization\Binary_Serialization.csproj", "{71BDFF06-46AD-4AD9-8C78-4785AD219956}"
EndProject
Global
	GlobalSection(SolutionConfigurationPlatforms) = preSolution
		Debug|Any CPU = Debug|Any CPU
		Release|Any CPU = Release|Any CPU
	EndGlobalSection
	GlobalSection(ProjectConfigurationPlatforms) = postSolution
		{71BDFF06-46AD-4AD9-8C78-4785AD219956}.Debug|Any CPU.ActiveCfg = Debug|Any CPU
		{71BDFF06-46AD-4AD9-8C78-4785AD219956}.Debug|Any CPU.Build.0 = Debug|Any CPU
		{71BDFF06-46AD-4AD9-8C78-4785AD219956}.Release|Any CPU.ActiveCfg = Release|Any CPU
		{71BDFF06-46AD-4AD9-8C78-4785AD219956}.Release|Any CPU.Build.0 = Release|Any CPU
	EndGlobalSection
	GlobalSection(SolutionProperties) = preSolution
		HideSolutionNode = FALSE
	EndGlobalSection
	GlobalSection(ExtensibilityGlobals) = postSolution
		SolutionGuid = {92D6DC9C-792D-491E-9DD2-2623B3328E3A}
	EndGlobalSection
EndGlobal
